
Microsoft Visual Studio Solution File, Format Version 12.00
# Visual Studio Version 16
VisualStudioVersion = 16.0.31129.286
MinimumVisualStudioVersion = 10.0.40219.1
Project("{FAE04EC0-301F-11D3-BF4B-00C04F79EFBC}") = "Request", "Request\Request.csproj", "{BD7CA286-422E-4200-90BB-C0BB07B4A29C}"
EndProject
Project("{FAE04EC0-301F-11D3-BF4B-00C04F79EFBC}") = "BFF", "BFF\BFF.csproj", "{F7E3D8B6-27F6-4BD9-B82D-EE665EF60B3C}"
EndProject
Project("{FAE04EC0-301F-11D3-BF4B-00C04F79EFBC}") = "Common", "Common\Common.csproj", "{558C2D88-B324-48A7-87B2-998793675B73}"
EndProject
Project("{FAE04EC0-301F-11D3-BF4B-00C04F79EFBC}") = "Response", "Response\Response.csproj", "{37661C6C-55C5-42F4-90E8-7325985B507A}"
EndProject
Global
	GlobalSection(SolutionConfigurationPlatforms) = preSolution
		Debug|Any CPU = Debug|Any CPU
		Release|Any CPU = Release|Any CPU
	EndGlobalSection
	GlobalSection(ProjectConfigurationPlatforms) = postSolution
		{BD7CA286-422E-4200-90BB-C0BB07B4A29C}.Debug|Any CPU.ActiveCfg = Debug|Any CPU
		{BD7CA286-422E-4200-90BB-C0BB07B4A29C}.Debug|Any CPU.Build.0 = Debug|Any CPU
		{BD7CA286-422E-4200-90BB-C0BB07B4A29C}.Release|Any CPU.ActiveCfg = Release|Any CPU
		{BD7CA286-422E-4200-90BB-C0BB07B4A29C}.Release|Any CPU.Build.0 = Release|Any CPU
		{F7E3D8B6-27F6-4BD9-B82D-EE665EF60B3C}.Debug|Any CPU.ActiveCfg = Debug|Any CPU
		{F7E3D8B6-27F6-4BD9-B82D-EE665EF60B3C}.Debug|Any CPU.Build.0 = Debug|Any CPU
		{F7E3D8B6-27F6-4BD9-B82D-EE665EF60B3C}.Release|Any CPU.ActiveCfg = Release|Any CPU
		{F7E3D8B6-27F6-4BD9-B82D-EE665EF60B3C}.Release|Any CPU.Build.0 = Release|Any CPU
		{558C2D88-B324-48A7-87B2-998793675B73}.Debug|Any CPU.ActiveCfg = Debug|Any CPU
		{558C2D88-B324-48A7-87B2-998793675B73}.Debug|Any CPU.Build.0 = Debug|Any CPU
		{558C2D88-B324-48A7-87B2-998793675B73}.Release|Any CPU.ActiveCfg = Release|Any CPU
		{558C2D88-B324-48A7-87B2-998793675B73}.Release|Any CPU.Build.0 = Release|Any CPU
		{37661C6C-55C5-42F4-90E8-7325985B507A}.Debug|Any CPU.ActiveCfg = Debug|Any CPU
		{37661C6C-55C5-42F4-90E8-7325985B507A}.Debug|Any CPU.Build.0 = Debug|Any CPU
		{37661C6C-55C5-42F4-90E8-7325985B507A}.Release|Any CPU.ActiveCfg = Release|Any CPU
		{37661C6C-55C5-42F4-90E8-7325985B507A}.Release|Any CPU.Build.0 = Release|Any CPU
	EndGlobalSection
	GlobalSection(SolutionProperties) = preSolution
		HideSolutionNode = FALSE
	EndGlobalSection
	GlobalSection(ExtensibilityGlobals) = postSolution
		SolutionGuid = {D5DB8A52-BEC0-4869-A5C3-7523123AAB10}
	EndGlobalSection
EndGlobal
